
Microsoft Visual Studio Solution File, Format Version 12.00
# Visual Studio Version 17
VisualStudioVersion = 17.3.32929.385
MinimumVisualStudioVersion = 10.0.40219.1
Project("{FAE04EC0-301F-11D3-BF4B-00C04F79EFBC}") = "CookbookApi", "CookbookApi\CookbookApi.csproj", "{85F2D83A-BFCE-45DE-BDA4-B148B6FA643B}"
EndProject
Global
	GlobalSection(SolutionConfigurationPlatforms) = preSolution
		Debug|Any CPU = Debug|Any CPU
		Release|Any CPU = Release|Any CPU
	EndGlobalSection
	GlobalSection(ProjectConfigurationPlatforms) = postSolution
		{85F2D83A-BFCE-45DE-BDA4-B148B6FA643B}.Debug|Any CPU.ActiveCfg = Debug|Any CPU
		{85F2D83A-BFCE-45DE-BDA4-B148B6FA643B}.Debug|Any CPU.Build.0 = Debug|Any CPU
		{85F2D83A-BFCE-45DE-BDA4-B148B6FA643B}.Release|Any CPU.ActiveCfg = Release|Any CPU
		{85F2D83A-BFCE-45DE-BDA4-B148B6FA643B}.Release|Any CPU.Build.0 = Release|Any CPU
	EndGlobalSection
	GlobalSection(SolutionProperties) = preSolution
		HideSolutionNode = FALSE
	EndGlobalSection
	GlobalSection(ExtensibilityGlobals) = postSolution
		SolutionGuid = {D50CFBDD-EC0D-4025-B6AC-6ED624F01AE5}
	EndGlobalSection
EndGlobal
